
Microsoft Visual Studio Solution File, Format Version 12.00
# Visual Studio Version 16
VisualStudioVersion = 16.0.30907.101
MinimumVisualStudioVersion = 10.0.40219.1
Project("{FAE04EC0-301F-11D3-BF4B-00C04F79EFBC}") = "Host", "Host\Host.csproj", "{415D6AD6-6807-4B75-94C3-08CFA3EC6CD5}"
EndProject
Project("{2150E333-8FDC-42A3-9474-1A3956D46DE8}") = "Facade", "Facade", "{1B88C5B1-B87A-44FF-BACD-06CCF194CFE3}"
EndProject
Project("{2150E333-8FDC-42A3-9474-1A3956D46DE8}") = "Transcription", "Transcription", "{A547C2D8-AC77-4BEB-A726-1E5C31D55CDB}"
EndProject
Project("{FAE04EC0-301F-11D3-BF4B-00C04F79EFBC}") = "TranscriptionFacade", "TranscriptionFacade\TranscriptionFacade.csproj", "{7FD4CB71-A18D-4261-8449-961C93005035}"
EndProject
Global
	GlobalSection(SolutionConfigurationPlatforms) = preSolution
		Debug|Any CPU = Debug|Any CPU
		Release|Any CPU = Release|Any CPU
	EndGlobalSection
	GlobalSection(ProjectConfigurationPlatforms) = postSolution
		{415D6AD6-6807-4B75-94C3-08CFA3EC6CD5}.Debug|Any CPU.ActiveCfg = Debug|Any CPU
		{415D6AD6-6807-4B75-94C3-08CFA3EC6CD5}.Debug|Any CPU.Build.0 = Debug|Any CPU
		{415D6AD6-6807-4B75-94C3-08CFA3EC6CD5}.Release|Any CPU.ActiveCfg = Release|Any CPU
		{415D6AD6-6807-4B75-94C3-08CFA3EC6CD5}.Release|Any CPU.Build.0 = Release|Any CPU
		{7FD4CB71-A18D-4261-8449-961C93005035}.Debug|Any CPU.ActiveCfg = Debug|Any CPU
		{7FD4CB71-A18D-4261-8449-961C93005035}.Debug|Any CPU.Build.0 = Debug|Any CPU
		{7FD4CB71-A18D-4261-8449-961C93005035}.Release|Any CPU.ActiveCfg = Release|Any CPU
		{7FD4CB71-A18D-4261-8449-961C93005035}.Release|Any CPU.Build.0 = Release|Any CPU
	EndGlobalSection
	GlobalSection(SolutionProperties) = preSolution
		HideSolutionNode = FALSE
	EndGlobalSection
	GlobalSection(NestedProjects) = preSolution
		{A547C2D8-AC77-4BEB-A726-1E5C31D55CDB} = {1B88C5B1-B87A-44FF-BACD-06CCF194CFE3}
		{7FD4CB71-A18D-4261-8449-961C93005035} = {A547C2D8-AC77-4BEB-A726-1E5C31D55CDB}
	EndGlobalSection
	GlobalSection(ExtensibilityGlobals) = postSolution
		SolutionGuid = {FAE16CDD-5970-441B-A317-25B9FCC5569E}
	EndGlobalSection
EndGlobal
